
Microsoft Visual Studio Solution File, Format Version 12.00
# Visual Studio 15
VisualStudioVersion = 15.0.26730.12
MinimumVisualStudioVersion = 10.0.40219.1
Project("{2150E333-8FDC-42A3-9474-1A3956D46DE8}") = "Solution Items", "Solution Items", "{0AF95E53-314A-4B59-84D8-8EE70745B952}"
	ProjectSection(SolutionItems) = preProject
		GPAF.testsettings = GPAF.testsettings
		ReadMe.xlsx = ReadMe.xlsx
	EndProjectSection
EndProject
Project("{FAE04EC0-301F-11D3-BF4B-00C04F79EFBC}") = "AUT", "AUT\AUT.csproj", "{E342747D-905D-4E3E-AF72-BD05AED114A4}"
	ProjectSection(ProjectDependencies) = postProject
		{B5D7155E-0DA0-4D8B-BE9F-B3C46B3DA926} = {B5D7155E-0DA0-4D8B-BE9F-B3C46B3DA926}
	EndProjectSection
EndProject
Project("{FAE04EC0-301F-11D3-BF4B-00C04F79EFBC}") = "AutomatedTest", "AutomatedTest\AutomatedTest.csproj", "{1600A149-36F3-45D3-95F9-DF2FE8F869C6}"
	ProjectSection(ProjectDependencies) = postProject
		{E342747D-905D-4E3E-AF72-BD05AED114A4} = {E342747D-905D-4E3E-AF72-BD05AED114A4}
	EndProjectSection
EndProject
Project("{FAE04EC0-301F-11D3-BF4B-00C04F79EFBC}") = "TestReporter", "TestReporter\TestReporter.csproj", "{C3D18BC9-B508-43D5-81E1-45DDC108AA82}"
	ProjectSection(ProjectDependencies) = postProject
		{F8610D20-51B3-4AE7-9690-A240145BFD77} = {F8610D20-51B3-4AE7-9690-A240145BFD77}
		{D5A3223D-89B8-4523-949A-32C3013588C7} = {D5A3223D-89B8-4523-949A-32C3013588C7}
	EndProjectSection
EndProject
Project("{FAE04EC0-301F-11D3-BF4B-00C04F79EFBC}") = "StandardUtilities", "StandardUtilities\StandardUtilities.csproj", "{D5A3223D-89B8-4523-949A-32C3013588C7}"
EndProject
Project("{FAE04EC0-301F-11D3-BF4B-00C04F79EFBC}") = "Engine", "Engine\Engine.csproj", "{B5D7155E-0DA0-4D8B-BE9F-B3C46B3DA926}"
EndProject
Project("{FAE04EC0-301F-11D3-BF4B-00C04F79EFBC}") = "GallopReporter", "GallopReporter\GallopReporter.csproj", "{F8610D20-51B3-4AE7-9690-A240145BFD77}"
EndProject
Global
	GlobalSection(SolutionConfigurationPlatforms) = preSolution
		Debug|Any CPU = Debug|Any CPU
		Debug|x86 = Debug|x86
		Release|Any CPU = Release|Any CPU
		Release|x86 = Release|x86
	EndGlobalSection
	GlobalSection(ProjectConfigurationPlatforms) = postSolution
		{E342747D-905D-4E3E-AF72-BD05AED114A4}.Debug|Any CPU.ActiveCfg = Debug|Any CPU
		{E342747D-905D-4E3E-AF72-BD05AED114A4}.Debug|Any CPU.Build.0 = Debug|Any CPU
		{E342747D-905D-4E3E-AF72-BD05AED114A4}.Debug|x86.ActiveCfg = Debug|Any CPU
		{E342747D-905D-4E3E-AF72-BD05AED114A4}.Debug|x86.Build.0 = Debug|Any CPU
		{E342747D-905D-4E3E-AF72-BD05AED114A4}.Release|Any CPU.ActiveCfg = Release|Any CPU
		{E342747D-905D-4E3E-AF72-BD05AED114A4}.Release|Any CPU.Build.0 = Release|Any CPU
		{E342747D-905D-4E3E-AF72-BD05AED114A4}.Release|x86.ActiveCfg = Release|Any CPU
		{1600A149-36F3-45D3-95F9-DF2FE8F869C6}.Debug|Any CPU.ActiveCfg = Debug|Any CPU
		{1600A149-36F3-45D3-95F9-DF2FE8F869C6}.Debug|Any CPU.Build.0 = Debug|Any CPU
		{1600A149-36F3-45D3-95F9-DF2FE8F869C6}.Debug|x86.ActiveCfg = Debug|Any CPU
		{1600A149-36F3-45D3-95F9-DF2FE8F869C6}.Debug|x86.Build.0 = Debug|Any CPU
		{1600A149-36F3-45D3-95F9-DF2FE8F869C6}.Release|Any CPU.ActiveCfg = Release|Any CPU
		{1600A149-36F3-45D3-95F9-DF2FE8F869C6}.Release|Any CPU.Build.0 = Release|Any CPU
		{1600A149-36F3-45D3-95F9-DF2FE8F869C6}.Release|x86.ActiveCfg = Release|Any CPU
		{C3D18BC9-B508-43D5-81E1-45DDC108AA82}.Debug|Any CPU.ActiveCfg = Debug|Any CPU
		{C3D18BC9-B508-43D5-81E1-45DDC108AA82}.Debug|Any CPU.Build.0 = Debug|Any CPU
		{C3D18BC9-B508-43D5-81E1-45DDC108AA82}.Debug|x86.ActiveCfg = Debug|Any CPU
		{C3D18BC9-B508-43D5-81E1-45DDC108AA82}.Debug|x86.Build.0 = Debug|Any CPU
		{C3D18BC9-B508-43D5-81E1-45DDC108AA82}.Release|Any CPU.ActiveCfg = Release|Any CPU
		{C3D18BC9-B508-43D5-81E1-45DDC108AA82}.Release|Any CPU.Build.0 = Release|Any CPU
		{C3D18BC9-B508-43D5-81E1-45DDC108AA82}.Release|x86.ActiveCfg = Release|Any CPU
		{D5A3223D-89B8-4523-949A-32C3013588C7}.Debug|Any CPU.ActiveCfg = Debug|Any CPU
		{D5A3223D-89B8-4523-949A-32C3013588C7}.Debug|Any CPU.Build.0 = Debug|Any CPU
		{D5A3223D-89B8-4523-949A-32C3013588C7}.Debug|x86.ActiveCfg = Debug|Any CPU
		{D5A3223D-89B8-4523-949A-32C3013588C7}.Debug|x86.Build.0 = Debug|Any CPU
		{D5A3223D-89B8-4523-949A-32C3013588C7}.Release|Any CPU.ActiveCfg = Release|Any CPU
		{D5A3223D-89B8-4523-949A-32C3013588C7}.Release|Any CPU.Build.0 = Release|Any CPU
		{D5A3223D-89B8-4523-949A-32C3013588C7}.Release|x86.ActiveCfg = Release|Any CPU
		{B5D7155E-0DA0-4D8B-BE9F-B3C46B3DA926}.Debug|Any CPU.ActiveCfg = Debug|Any CPU
		{B5D7155E-0DA0-4D8B-BE9F-B3C46B3DA926}.Debug|Any CPU.Build.0 = Debug|Any CPU
		{B5D7155E-0DA0-4D8B-BE9F-B3C46B3DA926}.Debug|x86.ActiveCfg = Debug|Any CPU
		{B5D7155E-0DA0-4D8B-BE9F-B3C46B3DA926}.Debug|x86.Build.0 = Debug|Any CPU
		{B5D7155E-0DA0-4D8B-BE9F-B3C46B3DA926}.Release|Any CPU.ActiveCfg = Release|Any CPU
		{B5D7155E-0DA0-4D8B-BE9F-B3C46B3DA926}.Release|Any CPU.Build.0 = Release|Any CPU
		{B5D7155E-0DA0-4D8B-BE9F-B3C46B3DA926}.Release|x86.ActiveCfg = Release|Any CPU
		{F8610D20-51B3-4AE7-9690-A240145BFD77}.Debug|Any CPU.ActiveCfg = Debug|Any CPU
		{F8610D20-51B3-4AE7-9690-A240145BFD77}.Debug|Any CPU.Build.0 = Debug|Any CPU
		{F8610D20-51B3-4AE7-9690-A240145BFD77}.Debug|x86.ActiveCfg = Debug|Any CPU
		{F8610D20-51B3-4AE7-9690-A240145BFD77}.Debug|x86.Build.0 = Debug|Any CPU
		{F8610D20-51B3-4AE7-9690-A240145BFD77}.Release|Any CPU.ActiveCfg = Release|Any CPU
		{F8610D20-51B3-4AE7-9690-A240145BFD77}.Release|Any CPU.Build.0 = Release|Any CPU
		{F8610D20-51B3-4AE7-9690-A240145BFD77}.Release|x86.ActiveCfg = Release|x86
		{F8610D20-51B3-4AE7-9690-A240145BFD77}.Release|x86.Build.0 = Release|x86
	EndGlobalSection
	GlobalSection(SolutionProperties) = preSolution
		HideSolutionNode = FALSE
	EndGlobalSection
	GlobalSection(ExtensibilityGlobals) = postSolution
		SolutionGuid = {A3CAB737-D064-4F69-9000-68127B57A880}
	EndGlobalSection
EndGlobal
